
Microsoft Visual Studio Solution File, Format Version 12.00
# Visual Studio Version 16
VisualStudioVersion = 16.0.31105.61
MinimumVisualStudioVersion = 10.0.40219.1
Project("{FAE04EC0-301F-11D3-BF4B-00C04F79EFBC}") = "STDC_WinForm_01", "STDC_WinForm_01\STDC_WinForm_01.csproj", "{2699F2D2-14A9-42B0-84FE-7F6C457EA843}"
EndProject
Global
	GlobalSection(SolutionConfigurationPlatforms) = preSolution
		Debug|Any CPU = Debug|Any CPU
		Release|Any CPU = Release|Any CPU
	EndGlobalSection
	GlobalSection(ProjectConfigurationPlatforms) = postSolution
		{2699F2D2-14A9-42B0-84FE-7F6C457EA843}.Debug|Any CPU.ActiveCfg = Debug|Any CPU
		{2699F2D2-14A9-42B0-84FE-7F6C457EA843}.Debug|Any CPU.Build.0 = Debug|Any CPU
		{2699F2D2-14A9-42B0-84FE-7F6C457EA843}.Release|Any CPU.ActiveCfg = Release|Any CPU
		{2699F2D2-14A9-42B0-84FE-7F6C457EA843}.Release|Any CPU.Build.0 = Release|Any CPU
	EndGlobalSection
	GlobalSection(SolutionProperties) = preSolution
		HideSolutionNode = FALSE
	EndGlobalSection
	GlobalSection(ExtensibilityGlobals) = postSolution
		SolutionGuid = {5C54206D-F00B-4C66-ACDE-1E7B41031383}
	EndGlobalSection
EndGlobal
